
Microsoft Visual Studio Solution File, Format Version 12.00
Project("{FAE04EC0-301F-11D3-BF4B-00C04F79EFBC}") = "BYUSpeechesApp", "BYUSpeechesApp\BYUSpeechesApp.csproj", "{83DCFAC2-FFAF-4783-A975-E54C77181E97}"
EndProject
Global
	GlobalSection(SolutionConfigurationPlatforms) = preSolution
		Debug|Any CPU = Debug|Any CPU
		Release|Any CPU = Release|Any CPU
	EndGlobalSection
	GlobalSection(ProjectConfigurationPlatforms) = postSolution
		{83DCFAC2-FFAF-4783-A975-E54C77181E97}.Debug|Any CPU.ActiveCfg = Debug|Any CPU
		{83DCFAC2-FFAF-4783-A975-E54C77181E97}.Debug|Any CPU.Build.0 = Debug|Any CPU
		{83DCFAC2-FFAF-4783-A975-E54C77181E97}.Release|Any CPU.ActiveCfg = Release|Any CPU
		{83DCFAC2-FFAF-4783-A975-E54C77181E97}.Release|Any CPU.Build.0 = Release|Any CPU
	EndGlobalSection
EndGlobal
